
Microsoft Visual Studio Solution File, Format Version 12.00
# Visual Studio Version 17
VisualStudioVersion = 17.0.31903.59
MinimumVisualStudioVersion = 10.0.40219.1
Project("{9A19103F-16F7-4668-BE54-9A1E7A4F7556}") = "AOWH.API", "API.Apis\AOWH.API.csproj", "{AACEED08-97A7-4DA7-BD9D-CD2045E820A4}"
EndProject
Project("{9A19103F-16F7-4668-BE54-9A1E7A4F7556}") = "AOWH.Application", "API.Application\AOWH.Application.csproj", "{6280DF6D-D654-4D27-9D09-770C57C13743}"
EndProject
Project("{9A19103F-16F7-4668-BE54-9A1E7A4F7556}") = "AOWH.Domain", "API.Domain\AOWH.Domain.csproj", "{01C8DC5F-E671-41DC-981E-16D76CBE51F9}"
EndProject
Project("{9A19103F-16F7-4668-BE54-9A1E7A4F7556}") = "AOWH.Infrastructure", "API.Infrastructure\AOWH.Infrastructure.csproj", "{E7C8C9B7-8DE2-47EC-A845-FE42C2DC41D1}"
EndProject
Global
	GlobalSection(SolutionConfigurationPlatforms) = preSolution
		Debug|Any CPU = Debug|Any CPU
		Release|Any CPU = Release|Any CPU
	EndGlobalSection
	GlobalSection(ProjectConfigurationPlatforms) = postSolution
		{AACEED08-97A7-4DA7-BD9D-CD2045E820A4}.Debug|Any CPU.ActiveCfg = Debug|Any CPU
		{AACEED08-97A7-4DA7-BD9D-CD2045E820A4}.Debug|Any CPU.Build.0 = Debug|Any CPU
		{AACEED08-97A7-4DA7-BD9D-CD2045E820A4}.Release|Any CPU.ActiveCfg = Release|Any CPU
		{AACEED08-97A7-4DA7-BD9D-CD2045E820A4}.Release|Any CPU.Build.0 = Release|Any CPU
		{6280DF6D-D654-4D27-9D09-770C57C13743}.Debug|Any CPU.ActiveCfg = Debug|Any CPU
		{6280DF6D-D654-4D27-9D09-770C57C13743}.Debug|Any CPU.Build.0 = Debug|Any CPU
		{6280DF6D-D654-4D27-9D09-770C57C13743}.Release|Any CPU.ActiveCfg = Release|Any CPU
		{6280DF6D-D654-4D27-9D09-770C57C13743}.Release|Any CPU.Build.0 = Release|Any CPU
		{01C8DC5F-E671-41DC-981E-16D76CBE51F9}.Debug|Any CPU.ActiveCfg = Debug|Any CPU
		{01C8DC5F-E671-41DC-981E-16D76CBE51F9}.Debug|Any CPU.Build.0 = Debug|Any CPU
		{01C8DC5F-E671-41DC-981E-16D76CBE51F9}.Release|Any CPU.ActiveCfg = Release|Any CPU
		{01C8DC5F-E671-41DC-981E-16D76CBE51F9}.Release|Any CPU.Build.0 = Release|Any CPU
		{E7C8C9B7-8DE2-47EC-A845-FE42C2DC41D1}.Debug|Any CPU.ActiveCfg = Debug|Any CPU
		{E7C8C9B7-8DE2-47EC-A845-FE42C2DC41D1}.Debug|Any CPU.Build.0 = Debug|Any CPU
		{E7C8C9B7-8DE2-47EC-A845-FE42C2DC41D1}.Release|Any CPU.ActiveCfg = Release|Any CPU
		{E7C8C9B7-8DE2-47EC-A845-FE42C2DC41D1}.Release|Any CPU.Build.0 = Release|Any CPU
	EndGlobalSection
	GlobalSection(SolutionProperties) = preSolution
		HideSolutionNode = FALSE
	EndGlobalSection
	GlobalSection(ExtensibilityGlobals) = postSolution
		SolutionGuid = {E377F87D-7484-4832-9EBC-4480AE9404E0}
	EndGlobalSection
EndGlobal
